{
  "name": "retail-technology",
  "lockfileVersion": 3,
  "requires": true,
  "packages": {
    "": {
      "dependencies": {
        "@pnp/graph": "^4.1.1",
        "@pnp/sp": "^4.1.1",
        "fs": "^0.0.1-security"
      }
    },
    "node_modules/@microsoft/microsoft-graph-types": {
      "version": "2.40.0",
      "resolved": "https://registry.npmjs.org/@microsoft/microsoft-graph-types/-/microsoft-graph-types-2.40.0.tgz",
      "integrity": "sha512-1fcPVrB/NkbNcGNfCy+Cgnvwxt6/sbIEEFgZHFBJ670zYLegENYJF8qMo7x3LqBjWX2/Eneq5BVVRCLTmlJN+g=="
    },
    "node_modules/@pnp/core": {
      "version": "4.1.1",
      "resolved": "https://registry.npmjs.org/@pnp/core/-/core-4.1.1.tgz",
      "integrity": "sha512-0I16pc0r7rQOj/9xuXM8ts5+BwP49GmS21/OFn8QySRbQzNBCQb5JGjOLhxBXkqYz+83G8Q2WMC9Q7lE1/fQlQ==",
      "dependencies": {
        "tslib": "2.6.2"
      },
      "engines": {
        "node": ">=18.12.0"
      },
      "funding": {
        "type": "individual",
        "url": "https://github.com/sponsors/patrick-rodgers/"
      }
    },
    "node_modules/@pnp/graph": {
      "version": "4.1.1",
      "resolved": "https://registry.npmjs.org/@pnp/graph/-/graph-4.1.1.tgz",
      "integrity": "sha512-SiT7ZMYGmk4hCoyN2An+fEzNbFO0fE4S8MDmpMap671PggsMGsqoAnhH+cMfr6A4ZYvilooAA4YW3RG45QbQPg==",
      "dependencies": {
        "@microsoft/microsoft-graph-types": "2.40.0",
        "@pnp/core": "4.1.1",
        "@pnp/queryable": "4.1.1",
        "tslib": "2.6.2"
      },
      "engines": {
        "node": ">=18.12.0"
      },
      "funding": {
        "type": "individual",
        "url": "https://github.com/sponsors/patrick-rodgers/"
      }
    },
    "node_modules/@pnp/queryable": {
      "version": "4.1.1",
      "resolved": "https://registry.npmjs.org/@pnp/queryable/-/queryable-4.1.1.tgz",
      "integrity": "sha512-u0Pk+a3jfnAtHsaQHLXC0TPBD+Mpag2XoRoFeKFv4CQ51mR07kLlNE22WCEaZlFYpkFQ20BICS98O7M3s/FDSQ==",
      "dependencies": {
        "@pnp/core": "4.1.1",
        "tslib": "2.6.2"
      },
      "engines": {
        "node": ">=18.12.0"
      },
      "funding": {
        "type": "individual",
        "url": "https://github.com/sponsors/patrick-rodgers/"
      }
    },
    "node_modules/@pnp/sp": {
      "version": "4.1.1",
      "resolved": "https://registry.npmjs.org/@pnp/sp/-/sp-4.1.1.tgz",
      "integrity": "sha512-j0de7hDsn3uuox5QERwHlSpAUbCVgx8uTXQ0+ioWecCYYEVFayoh8AxIRiZo8xci1aufSQErIWpl7Xvoa/7WvQ==",
      "dependencies": {
        "@pnp/core": "4.1.1",
        "@pnp/queryable": "4.1.1",
        "tslib": "2.6.2"
      },
      "engines": {
        "node": ">=18.12.0"
      },
      "funding": {
        "type": "individual",
        "url": "https://github.com/sponsors/patrick-rodgers/"
      }
    },
    "node_modules/fs": {
      "version": "0.0.1-security",
      "resolved": "https://registry.npmjs.org/fs/-/fs-0.0.1-security.tgz",
      "integrity": "sha512-3XY9e1pP0CVEUCdj5BmfIZxRBTSDycnbqhIOGec9QYtmVH2fbLpj86CFWkrNOkt/Fvty4KZG5lTglL9j/gJ87w=="
    },
    "node_modules/tslib": {
      "version": "2.6.2",
      "resolved": "https://registry.npmjs.org/tslib/-/tslib-2.6.2.tgz",
      "integrity": "sha512-AEYxH93jGFPn/a2iVAwW87VuUIkR1FVUKB77NwMF7nBTDkDrrT/Hpt/IrCJ0QXhW27jTBDcf5ZY7w6RiqTMw2Q=="
    }
  }
}
